
Microsoft Visual Studio Solution File, Format Version 11.00
# Visual Studio 2010
Project("{FAE04EC0-301F-11D3-BF4B-00C04F79EFBC}") = "CSTherm", "ConsoleApplication1\CSTherm.csproj", "{1C34F928-0A5A-46C8-998B-A86A4102581C}"
EndProject
Global
	GlobalSection(SolutionConfigurationPlatforms) = preSolution
		Debug|x86 = Debug|x86
		Release|x86 = Release|x86
	EndGlobalSection
	GlobalSection(ProjectConfigurationPlatforms) = postSolution
		{1C34F928-0A5A-46C8-998B-A86A4102581C}.Debug|x86.ActiveCfg = Debug|x86
		{1C34F928-0A5A-46C8-998B-A86A4102581C}.Debug|x86.Build.0 = Debug|x86
		{1C34F928-0A5A-46C8-998B-A86A4102581C}.Release|x86.ActiveCfg = Release|x86
		{1C34F928-0A5A-46C8-998B-A86A4102581C}.Release|x86.Build.0 = Release|x86
	EndGlobalSection
	GlobalSection(SolutionProperties) = preSolution
		HideSolutionNode = FALSE
	EndGlobalSection
EndGlobal
